<?xml version="1.0" encoding="utf-8"?>
<Project ToolsVersion="4.0" xmlns="http://schemas.microsoft.com/developer/msbuild/2003">
  <ItemGroup>
    <ClCompile Include="..\..\src\application\main.cpp" />
    <ClCompile Include="..\..\src\application\app_main.cpp" />
    <ClCompile Include="..\..\src\application\app_load_map_state.cpp">
      <Filter>states</Filter>
    </ClCompile>
    <ClCompile Include="..\..\src\application\app_main_menu_state.cpp">
      <Filter>states</Filter>
    </ClCompile>
    <ClCompile Include="..\..\src\application\app_shutdown_state.cpp">
      <Filter>states</Filter>
    </ClCompile>
    <ClCompile Include="..\..\src\application\app_startup_state.cpp">
      <Filter>states</Filter>
    </ClCompile>
    <ClCompile Include="..\..\src\application\app_state.cpp">
      <Filter>states</Filter>
    </ClCompile>
    <ClCompile Include="..\..\src\application\app_unload_map_state.cpp">
      <Filter>states</Filter>
    </ClCompile>
    <ClCompile Include="..\..\src\application\app_play_state.cpp">
      <Filter>states</Filter>
    </ClCompile>
  </ItemGroup>
  <ItemGroup>
    <ClInclude Include="..\..\..\inc\application\app_main.h" />
    <ClInclude Include="..\..\..\inc\application\app_load_map_state.h">
      <Filter>states</Filter>
    </ClInclude>
    <ClInclude Include="..\..\..\inc\application\app_main_menu_state.h">
      <Filter>states</Filter>
    </ClInclude>
    <ClInclude Include="..\..\..\inc\application\app_shutdown_state.h">
      <Filter>states</Filter>
    </ClInclude>
    <ClInclude Include="..\..\..\inc\application\app_startup_state.h">
      <Filter>states</Filter>
    </ClInclude>
    <ClInclude Include="..\..\..\inc\application\app_state.h">
      <Filter>states</Filter>
    </ClInclude>
    <ClInclude Include="..\..\..\inc\application\app_unload_map_state.h">
      <Filter>states</Filter>
    </ClInclude>
    <ClInclude Include="..\..\..\inc\application\app_play_state.h">
      <Filter>states</Filter>
    </ClInclude>
  </ItemGroup>
  <ItemGroup>
    <Filter Include="states">
      <UniqueIdentifier>{223611c7-84df-4bca-914e-b1a5870d1be5}</UniqueIdentifier>
    </Filter>
  </ItemGroup>
</Project>