<?xml version="1.0" encoding="utf-8"?>
<Project ToolsVersion="4.0" xmlns="http://schemas.microsoft.com/developer/msbuild/2003">
  <ItemGroup>
    <ClCompile Include="..\..\src\core\core_vector3.cpp">
      <Filter>math</Filter>
    </ClCompile>
    <ClCompile Include="..\..\src\core\core_aabb3.cpp">
      <Filter>math</Filter>
    </ClCompile>
    <ClCompile Include="..\..\src\core\core_event.cpp">
      <Filter>event</Filter>
    </ClCompile>
    <ClCompile Include="..\..\src\core\core_clock.cpp">
      <Filter>time</Filter>
    </ClCompile>
    <ClCompile Include="..\..\src\core\core_random.cpp">
      <Filter>math</Filter>
    </ClCompile>
    <ClCompile Include="..\..\src\core\core_sound.cpp">
      <Filter>sound</Filter>
    </ClCompile>
    <ClCompile Include="..\..\src\core\core_sound_melody.cpp">
      <Filter>sound</Filter>
    </ClCompile>
    <ClCompile Include="..\..\src\core\core_sound_note.cpp">
      <Filter>sound</Filter>
    </ClCompile>
  </ItemGroup>
  <ItemGroup>
    <Filter Include="math">
      <UniqueIdentifier>{7ad2fbca-23a7-4892-bbda-3e2eea0ac968}</UniqueIdentifier>
    </Filter>
    <Filter Include="algorithm">
      <UniqueIdentifier>{d5c211be-f67f-4ed9-a481-da8d62ed188e}</UniqueIdentifier>
    </Filter>
    <Filter Include="event">
      <UniqueIdentifier>{152bebbf-6e20-435b-8018-b667bc5bb3dd}</UniqueIdentifier>
    </Filter>
    <Filter Include="time">
      <UniqueIdentifier>{a56f9eae-93d3-4881-8f5b-d1700b5cbcb0}</UniqueIdentifier>
    </Filter>
    <Filter Include="sound">
      <UniqueIdentifier>{ec93d3cb-4d00-4c75-ad3f-f1ec7750724e}</UniqueIdentifier>
    </Filter>
  </ItemGroup>
  <ItemGroup>
    <ClInclude Include="..\..\..\inc\core\core_vector3.h">
      <Filter>math</Filter>
    </ClInclude>
    <ClInclude Include="..\..\..\inc\core\core_aabb3.h">
      <Filter>math</Filter>
    </ClInclude>
    <ClInclude Include="..\..\..\inc\core\core_algorithm.h">
      <Filter>algorithm</Filter>
    </ClInclude>
    <ClInclude Include="..\..\..\inc\core\core_event.h">
      <Filter>event</Filter>
    </ClInclude>
    <ClInclude Include="..\..\..\inc\core\core_clock.h">
      <Filter>time</Filter>
    </ClInclude>
    <ClInclude Include="..\..\..\inc\core\core_random.h">
      <Filter>math</Filter>
    </ClInclude>
    <ClInclude Include="..\..\..\inc\core\core_sound.h">
      <Filter>sound</Filter>
    </ClInclude>
    <ClInclude Include="..\..\..\inc\core\core_sound_melody.h">
      <Filter>sound</Filter>
    </ClInclude>
    <ClInclude Include="..\..\..\inc\core\core_sound_note.h">
      <Filter>sound</Filter>
    </ClInclude>
  </ItemGroup>
</Project>